
Microsoft Visual Studio Solution File, Format Version 12.00
# Visual Studio Version 17
VisualStudioVersion = 17.5.002.0
MinimumVisualStudioVersion = 10.0.40219.1
Project("{9A19103F-16F7-4668-BE54-9A1E7A4F7556}") = "SEM4", "SEM4\SEM4.csproj", "{F7B7313D-FB59-415F-9634-1BF778BB0731}"
EndProject
Global
	GlobalSection(SolutionConfigurationPlatforms) = preSolution
		Debug|Any CPU = Debug|Any CPU
		Release|Any CPU = Release|Any CPU
	EndGlobalSection
	GlobalSection(ProjectConfigurationPlatforms) = postSolution
		{F7B7313D-FB59-415F-9634-1BF778BB0731}.Debug|Any CPU.ActiveCfg = Debug|Any CPU
		{F7B7313D-FB59-415F-9634-1BF778BB0731}.Debug|Any CPU.Build.0 = Debug|Any CPU
		{F7B7313D-FB59-415F-9634-1BF778BB0731}.Release|Any CPU.ActiveCfg = Release|Any CPU
		{F7B7313D-FB59-415F-9634-1BF778BB0731}.Release|Any CPU.Build.0 = Release|Any CPU
	EndGlobalSection
	GlobalSection(SolutionProperties) = preSolution
		HideSolutionNode = FALSE
	EndGlobalSection
	GlobalSection(ExtensibilityGlobals) = postSolution
		SolutionGuid = {8D120D59-A870-48EF-878A-E8342E26AC05}
	EndGlobalSection
EndGlobal
